
Microsoft Visual Studio Solution File, Format Version 12.00
# Visual Studio Version 16
VisualStudioVersion = 25.0.1705.2
MinimumVisualStudioVersion = 10.0.40219.1
Project("{FAE04EC0-301F-11D3-BF4B-00C04F79EFBC}") = "ArrayTutorial", "ArrayTutorial\ArrayTutorial.csproj", "{62E81CF2-DD6E-4F15-8766-C66EE3978BB4}"
EndProject
Global
	GlobalSection(SolutionConfigurationPlatforms) = preSolution
		Debug|Any CPU = Debug|Any CPU
		Release|Any CPU = Release|Any CPU
	EndGlobalSection
	GlobalSection(ProjectConfigurationPlatforms) = postSolution
		{62E81CF2-DD6E-4F15-8766-C66EE3978BB4}.Debug|Any CPU.ActiveCfg = Debug|Any CPU
		{62E81CF2-DD6E-4F15-8766-C66EE3978BB4}.Debug|Any CPU.Build.0 = Debug|Any CPU
		{62E81CF2-DD6E-4F15-8766-C66EE3978BB4}.Release|Any CPU.ActiveCfg = Release|Any CPU
		{62E81CF2-DD6E-4F15-8766-C66EE3978BB4}.Release|Any CPU.Build.0 = Release|Any CPU
	EndGlobalSection
	GlobalSection(SolutionProperties) = preSolution
		HideSolutionNode = FALSE
	EndGlobalSection
	GlobalSection(ExtensibilityGlobals) = postSolution
		SolutionGuid = {42433216-1EB1-44DA-B3DC-AB760E062654}
	EndGlobalSection
EndGlobal
